// !$*UTF8*$!
{
	archiveVersion = 1;
	classes = {
	};
	objectVersion = 55;
	objects = {

/* Begin PBXBuildFile section */
		724BACCF27F0072F000830ED /* AppDelegate.swift in Sources */ = {isa = PBXBuildFile; fileRef = 724BACCE27F0072F000830ED /* AppDelegate.swift */; };
		724BACD127F0072F000830ED /* SceneDelegate.swift in Sources */ = {isa = PBXBuildFile; fileRef = 724BACD027F0072F000830ED /* SceneDelegate.swift */; };
		724BACD627F0072F000830ED /* Main.storyboard in Resources */ = {isa = PBXBuildFile; fileRef = 724BACD427F0072F000830ED /* Main.storyboard */; };
		724BACD927F0072F000830ED /* News.xcdatamodeld in Sources */ = {isa = PBXBuildFile; fileRef = 724BACD727F0072F000830ED /* News.xcdatamodeld */; };
		724BACDB27F00731000830ED /* Assets.xcassets in Resources */ = {isa = PBXBuildFile; fileRef = 724BACDA27F00731000830ED /* Assets.xcassets */; };
		724BACDE27F00731000830ED /* LaunchScreen.storyboard in Resources */ = {isa = PBXBuildFile; fileRef = 724BACDC27F00731000830ED /* LaunchScreen.storyboard */; };
		724BACE927F00731000830ED /* NewsTests.swift in Sources */ = {isa = PBXBuildFile; fileRef = 724BACE827F00731000830ED /* NewsTests.swift */; };
		724BACF327F00731000830ED /* NewsUITests.swift in Sources */ = {isa = PBXBuildFile; fileRef = 724BACF227F00731000830ED /* NewsUITests.swift */; };
		724BACF527F00731000830ED /* NewsUITestsLaunchTests.swift in Sources */ = {isa = PBXBuildFile; fileRef = 724BACF427F00731000830ED /* NewsUITestsLaunchTests.swift */; };
		724BAD0427F00783000830ED /* NewsListViewController.swift in Sources */ = {isa = PBXBuildFile; fileRef = 724BAD0327F00783000830ED /* NewsListViewController.swift */; };
		724BAD0627F007A3000830ED /* NewsDetailsViewController.swift in Sources */ = {isa = PBXBuildFile; fileRef = 724BAD0527F007A3000830ED /* NewsDetailsViewController.swift */; };
		724BAD0A27F0083C000830ED /* APIManager.swift in Sources */ = {isa = PBXBuildFile; fileRef = 724BAD0927F0083C000830ED /* APIManager.swift */; };
		724BAD0F27F01029000830ED /* NewsListTableCell.swift in Sources */ = {isa = PBXBuildFile; fileRef = 724BAD0E27F01029000830ED /* NewsListTableCell.swift */; };
		724BAD1127F01B42000830ED /* NewsListViewModel.swift in Sources */ = {isa = PBXBuildFile; fileRef = 724BAD1027F01B42000830ED /* NewsListViewModel.swift */; };
		724BAD1327F02E49000830ED /* NewsDetailsViewModel.swift in Sources */ = {isa = PBXBuildFile; fileRef = 724BAD1227F02E49000830ED /* NewsDetailsViewModel.swift */; };
		724BAD1527F14C36000830ED /* NewsListResponse.swift in Sources */ = {isa = PBXBuildFile; fileRef = 724BAD1427F14C36000830ED /* NewsListResponse.swift */; };
		724BAD1927F15328000830ED /* NewsRowViewModel.swift in Sources */ = {isa = PBXBuildFile; fileRef = 724BAD1827F15328000830ED /* NewsRowViewModel.swift */; };
		72DECBAC27F1DA10002C0BA3 /* Utility.swift in Sources */ = {isa = PBXBuildFile; fileRef = 72DECBAB27F1DA10002C0BA3 /* Utility.swift */; };
		72DECBAF27F23CE7002C0BA3 /* DBManager.swift in Sources */ = {isa = PBXBuildFile; fileRef = 72DECBAE27F23CE7002C0BA3 /* DBManager.swift */; };
		72DECBCD27F23FA8002C0BA3 /* UserDB+CoreDataClass.swift in Sources */ = {isa = PBXBuildFile; fileRef = 72DECBC927F23FA8002C0BA3 /* UserDB+CoreDataClass.swift */; };
		72DECBCE27F23FA8002C0BA3 /* UserDB+CoreDataProperties.swift in Sources */ = {isa = PBXBuildFile; fileRef = 72DECBCA27F23FA8002C0BA3 /* UserDB+CoreDataProperties.swift */; };
		72DECBCF27F23FA8002C0BA3 /* NewsDB+CoreDataClass.swift in Sources */ = {isa = PBXBuildFile; fileRef = 72DECBCB27F23FA8002C0BA3 /* NewsDB+CoreDataClass.swift */; };
		72DECBD027F23FA8002C0BA3 /* NewsDB+CoreDataProperties.swift in Sources */ = {isa = PBXBuildFile; fileRef = 72DECBCC27F23FA8002C0BA3 /* NewsDB+CoreDataProperties.swift */; };
		72DECBD327F24508002C0BA3 /* LoginViewController.swift in Sources */ = {isa = PBXBuildFile; fileRef = 72DECBD227F24508002C0BA3 /* LoginViewController.swift */; };
		72DECBD527F2451B002C0BA3 /* LoginViewModel.swift in Sources */ = {isa = PBXBuildFile; fileRef = 72DECBD427F2451B002C0BA3 /* LoginViewModel.swift */; };
/* End PBXBuildFile section */

/* Begin PBXContainerItemProxy section */
		724BACE527F00731000830ED /* PBXContainerItemProxy */ = {
			isa = PBXContainerItemProxy;
			containerPortal = 724BACC327F0072F000830ED /* Project object */;
			proxyType = 1;
			remoteGlobalIDString = 724BACCA27F0072F000830ED;
			remoteInfo = News;
		};
		724BACEF27F00731000830ED /* PBXContainerItemProxy */ = {
			isa = PBXContainerItemProxy;
			containerPortal = 724BACC327F0072F000830ED /* Project object */;
			proxyType = 1;
			remoteGlobalIDString = 724BACCA27F0072F000830ED;
			remoteInfo = News;
		};
/* End PBXContainerItemProxy section */

/* Begin PBXFileReference section */
		724BACCB27F0072F000830ED /* News.app */ = {isa = PBXFileReference; explicitFileType = wrapper.application; includeInIndex = 0; path = News.app; sourceTree = BUILT_PRODUCTS_DIR; };
		724BACCE27F0072F000830ED /* AppDelegate.swift */ = {isa = PBXFileReference; lastKnownFileType = sourcecode.swift; path = AppDelegate.swift; sourceTree = "<group>"; };
		724BACD027F0072F000830ED /* SceneDelegate.swift */ = {isa = PBXFileReference; lastKnownFileType = sourcecode.swift; path = SceneDelegate.swift; sourceTree = "<group>"; };
		724BACD527F0072F000830ED /* Base */ = {isa = PBXFileReference; lastKnownFileType = file.storyboard; name = Base; path = Base.lproj/Main.storyboard; sourceTree = "<group>"; };
		724BACD827F0072F000830ED /* News.xcdatamodel */ = {isa = PBXFileReference; lastKnownFileType = wrapper.xcdatamodel; path = News.xcdatamodel; sourceTree = "<group>"; };
		724BACDA27F00731000830ED /* Assets.xcassets */ = {isa = PBXFileReference; lastKnownFileType = folder.assetcatalog; path = Assets.xcassets; sourceTree = "<group>"; };
		724BACDD27F00731000830ED /* Base */ = {isa = PBXFileReference; lastKnownFileType = file.storyboard; name = Base; path = Base.lproj/LaunchScreen.storyboard; sourceTree = "<group>"; };
		724BACDF27F00731000830ED /* Info.plist */ = {isa = PBXFileReference; lastKnownFileType = text.plist.xml; path = Info.plist; sourceTree = "<group>"; };
		724BACE427F00731000830ED /* NewsTests.xctest */ = {isa = PBXFileReference; explicitFileType = wrapper.cfbundle; includeInIndex = 0; path = NewsTests.xctest; sourceTree = BUILT_PRODUCTS_DIR; };
		724BACE827F00731000830ED /* NewsTests.swift */ = {isa = PBXFileReference; lastKnownFileType = sourcecode.swift; path = NewsTests.swift; sourceTree = "<group>"; };
		724BACEE27F00731000830ED /* NewsUITests.xctest */ = {isa = PBXFileReference; explicitFileType = wrapper.cfbundle; includeInIndex = 0; path = NewsUITests.xctest; sourceTree = BUILT_PRODUCTS_DIR; };
		724BACF227F00731000830ED /* NewsUITests.swift */ = {isa = PBXFileReference; lastKnownFileType = sourcecode.swift; path = NewsUITests.swift; sourceTree = "<group>"; };
		724BACF427F00731000830ED /* NewsUITestsLaunchTests.swift */ = {isa = PBXFileReference; lastKnownFileType = sourcecode.swift; path = NewsUITestsLaunchTests.swift; sourceTree = "<group>"; };
		724BAD0327F00783000830ED /* NewsListViewController.swift */ = {isa = PBXFileReference; lastKnownFileType = sourcecode.swift; path = NewsListViewController.swift; sourceTree = "<group>"; };
		724BAD0527F007A3000830ED /* NewsDetailsViewController.swift */ = {isa = PBXFileReference; lastKnownFileType = sourcecode.swift; path = NewsDetailsViewController.swift; sourceTree = "<group>"; };
		724BAD0927F0083C000830ED /* APIManager.swift */ = {isa = PBXFileReference; lastKnownFileType = sourcecode.swift; path = APIManager.swift; sourceTree = "<group>"; };
		724BAD0E27F01029000830ED /* NewsListTableCell.swift */ = {isa = PBXFileReference; lastKnownFileType = sourcecode.swift; path = NewsListTableCell.swift; sourceTree = "<group>"; };
		724BAD1027F01B42000830ED /* NewsListViewModel.swift */ = {isa = PBXFileReference; lastKnownFileType = sourcecode.swift; path = NewsListViewModel.swift; sourceTree = "<group>"; };
		724BAD1227F02E49000830ED /* NewsDetailsViewModel.swift */ = {isa = PBXFileReference; lastKnownFileType = sourcecode.swift; path = NewsDetailsViewModel.swift; sourceTree = "<group>"; };
		724BAD1427F14C36000830ED /* NewsListResponse.swift */ = {isa = PBXFileReference; lastKnownFileType = sourcecode.swift; path = NewsListResponse.swift; sourceTree = "<group>"; };
		724BAD1827F15328000830ED /* NewsRowViewModel.swift */ = {isa = PBXFileReference; lastKnownFileType = sourcecode.swift; path = NewsRowViewModel.swift; sourceTree = "<group>"; };
		72DECBAB27F1DA10002C0BA3 /* Utility.swift */ = {isa = PBXFileReference; lastKnownFileType = sourcecode.swift; path = Utility.swift; sourceTree = "<group>"; };
		72DECBAE27F23CE7002C0BA3 /* DBManager.swift */ = {isa = PBXFileReference; lastKnownFileType = sourcecode.swift; path = DBManager.swift; sourceTree = "<group>"; };
		72DECBC927F23FA8002C0BA3 /* UserDB+CoreDataClass.swift */ = {isa = PBXFileReference; lastKnownFileType = sourcecode.swift; path = "UserDB+CoreDataClass.swift"; sourceTree = "<group>"; };
		72DECBCA27F23FA8002C0BA3 /* UserDB+CoreDataProperties.swift */ = {isa = PBXFileReference; lastKnownFileType = sourcecode.swift; path = "UserDB+CoreDataProperties.swift"; sourceTree = "<group>"; };
		72DECBCB27F23FA8002C0BA3 /* NewsDB+CoreDataClass.swift */ = {isa = PBXFileReference; lastKnownFileType = sourcecode.swift; path = "NewsDB+CoreDataClass.swift"; sourceTree = "<group>"; };
		72DECBCC27F23FA8002C0BA3 /* NewsDB+CoreDataProperties.swift */ = {isa = PBXFileReference; lastKnownFileType = sourcecode.swift; path = "NewsDB+CoreDataProperties.swift"; sourceTree = "<group>"; };
		72DECBD227F24508002C0BA3 /* LoginViewController.swift */ = {isa = PBXFileReference; lastKnownFileType = sourcecode.swift; path = LoginViewController.swift; sourceTree = "<group>"; };
		72DECBD427F2451B002C0BA3 /* LoginViewModel.swift */ = {isa = PBXFileReference; lastKnownFileType = sourcecode.swift; path = LoginViewModel.swift; sourceTree = "<group>"; };
/* End PBXFileReference section */

/* Begin PBXFrameworksBuildPhase section */
		724BACC827F0072F000830ED /* Frameworks */ = {
			isa = PBXFrameworksBuildPhase;
			buildActionMask = 2147483647;
			files = (
			);
			runOnlyForDeploymentPostprocessing = 0;
		};
		724BACE127F00731000830ED /* Frameworks */ = {
			isa = PBXFrameworksBuildPhase;
			buildActionMask = 2147483647;
			files = (
			);
			runOnlyForDeploymentPostprocessing = 0;
		};
		724BACEB27F00731000830ED /* Frameworks */ = {
			isa = PBXFrameworksBuildPhase;
			buildActionMask = 2147483647;
			files = (
			);
			runOnlyForDeploymentPostprocessing = 0;
		};
/* End PBXFrameworksBuildPhase section */

/* Begin PBXGroup section */
		724BACC227F0072F000830ED = {
			isa = PBXGroup;
			children = (
				724BACCD27F0072F000830ED /* News */,
				724BACE727F00731000830ED /* NewsTests */,
				724BACF127F00731000830ED /* NewsUITests */,
				724BACCC27F0072F000830ED /* Products */,
			);
			sourceTree = "<group>";
		};
		724BACCC27F0072F000830ED /* Products */ = {
			isa = PBXGroup;
			children = (
				724BACCB27F0072F000830ED /* News.app */,
				724BACE427F00731000830ED /* NewsTests.xctest */,
				724BACEE27F00731000830ED /* NewsUITests.xctest */,
			);
			name = Products;
			sourceTree = "<group>";
		};
		724BACCD27F0072F000830ED /* News */ = {
			isa = PBXGroup;
			children = (
				724BACCE27F0072F000830ED /* AppDelegate.swift */,
				724BACD027F0072F000830ED /* SceneDelegate.swift */,
				72DECBD127F244F2002C0BA3 /* Login */,
				724BAD0127F0074E000830ED /* NewsList */,
				724BAD0227F00767000830ED /* NewsDetails */,
				724BAD0727F007CC000830ED /* Network */,
				72DECBAD27F23CD2002C0BA3 /* DB */,
				72DECBAA27F1D9C7002C0BA3 /* Utility */,
				724BACD427F0072F000830ED /* Main.storyboard */,
				724BACDA27F00731000830ED /* Assets.xcassets */,
				724BACDC27F00731000830ED /* LaunchScreen.storyboard */,
				724BACDF27F00731000830ED /* Info.plist */,
			);
			path = News;
			sourceTree = "<group>";
		};
		724BACE727F00731000830ED /* NewsTests */ = {
			isa = PBXGroup;
			children = (
				724BACE827F00731000830ED /* NewsTests.swift */,
			);
			path = NewsTests;
			sourceTree = "<group>";
		};
		724BACF127F00731000830ED /* NewsUITests */ = {
			isa = PBXGroup;
			children = (
				724BACF227F00731000830ED /* NewsUITests.swift */,
				724BACF427F00731000830ED /* NewsUITestsLaunchTests.swift */,
			);
			path = NewsUITests;
			sourceTree = "<group>";
		};
		724BAD0127F0074E000830ED /* NewsList */ = {
			isa = PBXGroup;
			children = (
				724BAD0327F00783000830ED /* NewsListViewController.swift */,
				724BAD0E27F01029000830ED /* NewsListTableCell.swift */,
				724BAD1027F01B42000830ED /* NewsListViewModel.swift */,
				724BAD1827F15328000830ED /* NewsRowViewModel.swift */,
			);
			path = NewsList;
			sourceTree = "<group>";
		};
		724BAD0227F00767000830ED /* NewsDetails */ = {
			isa = PBXGroup;
			children = (
				724BAD0527F007A3000830ED /* NewsDetailsViewController.swift */,
				724BAD1227F02E49000830ED /* NewsDetailsViewModel.swift */,
			);
			path = NewsDetails;
			sourceTree = "<group>";
		};
		724BAD0727F007CC000830ED /* Network */ = {
			isa = PBXGroup;
			children = (
				724BAD0B27F00C59000830ED /* Model */,
				724BAD0827F007E1000830ED /* APIManager */,
			);
			path = Network;
			sourceTree = "<group>";
		};
		724BAD0827F007E1000830ED /* APIManager */ = {
			isa = PBXGroup;
			children = (
				724BAD0927F0083C000830ED /* APIManager.swift */,
			);
			path = APIManager;
			sourceTree = "<group>";
		};
		724BAD0B27F00C59000830ED /* Model */ = {
			isa = PBXGroup;
			children = (
				724BAD1427F14C36000830ED /* NewsListResponse.swift */,
			);
			path = Model;
			sourceTree = "<group>";
		};
		72DECBAA27F1D9C7002C0BA3 /* Utility */ = {
			isa = PBXGroup;
			children = (
				72DECBAB27F1DA10002C0BA3 /* Utility.swift */,
			);
			path = Utility;
			sourceTree = "<group>";
		};
		72DECBAD27F23CD2002C0BA3 /* DB */ = {
			isa = PBXGroup;
			children = (
				724BACD727F0072F000830ED /* News.xcdatamodeld */,
				72DECBAE27F23CE7002C0BA3 /* DBManager.swift */,
				72DECBB027F23DD1002C0BA3 /* Model */,
			);
			path = DB;
			sourceTree = "<group>";
		};
		72DECBB027F23DD1002C0BA3 /* Model */ = {
			isa = PBXGroup;
			children = (
				72DECBC927F23FA8002C0BA3 /* UserDB+CoreDataClass.swift */,
				72DECBCA27F23FA8002C0BA3 /* UserDB+CoreDataProperties.swift */,
				72DECBCB27F23FA8002C0BA3 /* NewsDB+CoreDataClass.swift */,
				72DECBCC27F23FA8002C0BA3 /* NewsDB+CoreDataProperties.swift */,
			);
			path = Model;
			sourceTree = "<group>";
		};
		72DECBD127F244F2002C0BA3 /* Login */ = {
			isa = PBXGroup;
			children = (
				72DECBD227F24508002C0BA3 /* LoginViewController.swift */,
				72DECBD427F2451B002C0BA3 /* LoginViewModel.swift */,
			);
			path = Login;
			sourceTree = "<group>";
		};
/* End PBXGroup section */

/* Begin PBXNativeTarget section */
		724BACCA27F0072F000830ED /* News */ = {
			isa = PBXNativeTarget;
			buildConfigurationList = 724BACF827F00731000830ED /* Build configuration list for PBXNativeTarget "News" */;
			buildPhases = (
				724BACC727F0072F000830ED /* Sources */,
				724BACC827F0072F000830ED /* Frameworks */,
				724BACC927F0072F000830ED /* Resources */,
			);
			buildRules = (
			);
			dependencies = (
			);
			name = News;
			productName = News;
			productReference = 724BACCB27F0072F000830ED /* News.app */;
			productType = "com.apple.product-type.application";
		};
		724BACE327F00731000830ED /* NewsTests */ = {
			isa = PBXNativeTarget;
			buildConfigurationList = 724BACFB27F00731000830ED /* Build configuration list for PBXNativeTarget "NewsTests" */;
			buildPhases = (
				724BACE027F00731000830ED /* Sources */,
				724BACE127F00731000830ED /* Frameworks */,
				724BACE227F00731000830ED /* Resources */,
			);
			buildRules = (
			);
			dependencies = (
				724BACE627F00731000830ED /* PBXTargetDependency */,
			);
			name = NewsTests;
			productName = NewsTests;
			productReference = 724BACE427F00731000830ED /* NewsTests.xctest */;
			productType = "com.apple.product-type.bundle.unit-test";
		};
		724BACED27F00731000830ED /* NewsUITests */ = {
			isa = PBXNativeTarget;
			buildConfigurationList = 724BACFE27F00731000830ED /* Build configuration list for PBXNativeTarget "NewsUITests" */;
			buildPhases = (
				724BACEA27F00731000830ED /* Sources */,
				724BACEB27F00731000830ED /* Frameworks */,
				724BACEC27F00731000830ED /* Resources */,
			);
			buildRules = (
			);
			dependencies = (
				724BACF027F00731000830ED /* PBXTargetDependency */,
			);
			name = NewsUITests;
			productName = NewsUITests;
			productReference = 724BACEE27F00731000830ED /* NewsUITests.xctest */;
			productType = "com.apple.product-type.bundle.ui-testing";
		};
/* End PBXNativeTarget section */

/* Begin PBXProject section */
		724BACC327F0072F000830ED /* Project object */ = {
			isa = PBXProject;
			attributes = {
				BuildIndependentTargetsInParallel = 1;
				LastSwiftUpdateCheck = 1300;
				LastUpgradeCheck = 1300;
				TargetAttributes = {
					724BACCA27F0072F000830ED = {
						CreatedOnToolsVersion = 13.0;
					};
					724BACE327F00731000830ED = {
						CreatedOnToolsVersion = 13.0;
						TestTargetID = 724BACCA27F0072F000830ED;
					};
					724BACED27F00731000830ED = {
						CreatedOnToolsVersion = 13.0;
						TestTargetID = 724BACCA27F0072F000830ED;
					};
				};
			};
			buildConfigurationList = 724BACC627F0072F000830ED /* Build configuration list for PBXProject "News" */;
			compatibilityVersion = "Xcode 13.0";
			developmentRegion = en;
			hasScannedForEncodings = 0;
			knownRegions = (
				en,
				Base,
			);
			mainGroup = 724BACC227F0072F000830ED;
			productRefGroup = 724BACCC27F0072F000830ED /* Products */;
			projectDirPath = "";
			projectRoot = "";
			targets = (
				724BACCA27F0072F000830ED /* News */,
				724BACE327F00731000830ED /* NewsTests */,
				724BACED27F00731000830ED /* NewsUITests */,
			);
		};
/* End PBXProject section */

/* Begin PBXResourcesBuildPhase section */
		724BACC927F0072F000830ED /* Resources */ = {
			isa = PBXResourcesBuildPhase;
			buildActionMask = 2147483647;
			files = (
				724BACDE27F00731000830ED /* LaunchScreen.storyboard in Resources */,
				724BACDB27F00731000830ED /* Assets.xcassets in Resources */,
				724BACD627F0072F000830ED /* Main.storyboard in Resources */,
			);
			runOnlyForDeploymentPostprocessing = 0;
		};
		724BACE227F00731000830ED /* Resources */ = {
			isa = PBXResourcesBuildPhase;
			buildActionMask = 2147483647;
			files = (
			);
			runOnlyForDeploymentPostprocessing = 0;
		};
		724BACEC27F00731000830ED /* Resources */ = {
			isa = PBXResourcesBuildPhase;
			buildActionMask = 2147483647;
			files = (
			);
			runOnlyForDeploymentPostprocessing = 0;
		};
/* End PBXResourcesBuildPhase section */

/* Begin PBXSourcesBuildPhase section */
		724BACC727F0072F000830ED /* Sources */ = {
			isa = PBXSourcesBuildPhase;
			buildActionMask = 2147483647;
			files = (
				72DECBAC27F1DA10002C0BA3 /* Utility.swift in Sources */,
				724BAD0627F007A3000830ED /* NewsDetailsViewController.swift in Sources */,
				724BAD0427F00783000830ED /* NewsListViewController.swift in Sources */,
				724BACCF27F0072F000830ED /* AppDelegate.swift in Sources */,
				724BACD927F0072F000830ED /* News.xcdatamodeld in Sources */,
				72DECBD027F23FA8002C0BA3 /* NewsDB+CoreDataProperties.swift in Sources */,
				72DECBCF27F23FA8002C0BA3 /* NewsDB+CoreDataClass.swift in Sources */,
				72DECBD327F24508002C0BA3 /* LoginViewController.swift in Sources */,
				724BAD1527F14C36000830ED /* NewsListResponse.swift in Sources */,
				724BAD1327F02E49000830ED /* NewsDetailsViewModel.swift in Sources */,
				724BAD0F27F01029000830ED /* NewsListTableCell.swift in Sources */,
				72DECBAF27F23CE7002C0BA3 /* DBManager.swift in Sources */,
				724BAD1127F01B42000830ED /* NewsListViewModel.swift in Sources */,
				724BACD127F0072F000830ED /* SceneDelegate.swift in Sources */,
				72DECBCE27F23FA8002C0BA3 /* UserDB+CoreDataProperties.swift in Sources */,
				724BAD1927F15328000830ED /* NewsRowViewModel.swift in Sources */,
				72DECBCD27F23FA8002C0BA3 /* UserDB+CoreDataClass.swift in Sources */,
				724BAD0A27F0083C000830ED /* APIManager.swift in Sources */,
				72DECBD527F2451B002C0BA3 /* LoginViewModel.swift in Sources */,
			);
			runOnlyForDeploymentPostprocessing = 0;
		};
		724BACE027F00731000830ED /* Sources */ = {
			isa = PBXSourcesBuildPhase;
			buildActionMask = 2147483647;
			files = (
				724BACE927F00731000830ED /* NewsTests.swift in Sources */,
			);
			runOnlyForDeploymentPostprocessing = 0;
		};
		724BACEA27F00731000830ED /* Sources */ = {
			isa = PBXSourcesBuildPhase;
			buildActionMask = 2147483647;
			files = (
				724BACF327F00731000830ED /* NewsUITests.swift in Sources */,
				724BACF527F00731000830ED /* NewsUITestsLaunchTests.swift in Sources */,
			);
			runOnlyForDeploymentPostprocessing = 0;
		};
/* End PBXSourcesBuildPhase section */

/* Begin PBXTargetDependency section */
		724BACE627F00731000830ED /* PBXTargetDependency */ = {
			isa = PBXTargetDependency;
			target = 724BACCA27F0072F000830ED /* News */;
			targetProxy = 724BACE527F00731000830ED /* PBXContainerItemProxy */;
		};
		724BACF027F00731000830ED /* PBXTargetDependency */ = {
			isa = PBXTargetDependency;
			target = 724BACCA27F0072F000830ED /* News */;
			targetProxy = 724BACEF27F00731000830ED /* PBXContainerItemProxy */;
		};
/* End PBXTargetDependency section */

/* Begin PBXVariantGroup section */
		724BACD427F0072F000830ED /* Main.storyboard */ = {
			isa = PBXVariantGroup;
			children = (
				724BACD527F0072F000830ED /* Base */,
			);
			name = Main.storyboard;
			sourceTree = "<group>";
		};
		724BACDC27F00731000830ED /* LaunchScreen.storyboard */ = {
			isa = PBXVariantGroup;
			children = (
				724BACDD27F00731000830ED /* Base */,
			);
			name = LaunchScreen.storyboard;
			sourceTree = "<group>";
		};
/* End PBXVariantGroup section */

/* Begin XCBuildConfiguration section */
		724BACF627F00731000830ED /* Debug */ = {
			isa = XCBuildConfiguration;
			buildSettings = {
				ALWAYS_SEARCH_USER_PATHS = NO;
				CLANG_ANALYZER_NONNULL = YES;
				CLANG_ANALYZER_NUMBER_OBJECT_CONVERSION = YES_AGGRESSIVE;
				CLANG_CXX_LANGUAGE_STANDARD = "gnu++17";
				CLANG_CXX_LIBRARY = "libc++";
				CLANG_ENABLE_MODULES = YES;
				CLANG_ENABLE_OBJC_ARC = YES;
				CLANG_ENABLE_OBJC_WEAK = YES;
				CLANG_WARN_BLOCK_CAPTURE_AUTORELEASING = YES;
				CLANG_WARN_BOOL_CONVERSION = YES;
				CLANG_WARN_COMMA = YES;
				CLANG_WARN_CONSTANT_CONVERSION = YES;
				CLANG_WARN_DEPRECATED_OBJC_IMPLEMENTATIONS = YES;
				CLANG_WARN_DIRECT_OBJC_ISA_USAGE = YES_ERROR;
				CLANG_WARN_DOCUMENTATION_COMMENTS = YES;
				CLANG_WARN_EMPTY_BODY = YES;
				CLANG_WARN_ENUM_CONVERSION = YES;
				CLANG_WARN_INFINITE_RECURSION = YES;
				CLANG_WARN_INT_CONVERSION = YES;
				CLANG_WARN_NON_LITERAL_NULL_CONVERSION = YES;
				CLANG_WARN_OBJC_IMPLICIT_RETAIN_SELF = YES;
				CLANG_WARN_OBJC_LITERAL_CONVERSION = YES;
				CLANG_WARN_OBJC_ROOT_CLASS = YES_ERROR;
				CLANG_WARN_QUOTED_INCLUDE_IN_FRAMEWORK_HEADER = YES;
				CLANG_WARN_RANGE_LOOP_ANALYSIS = YES;
				CLANG_WARN_STRICT_PROTOTYPES = YES;
				CLANG_WARN_SUSPICIOUS_MOVE = YES;
				CLANG_WARN_UNGUARDED_AVAILABILITY = YES_AGGRESSIVE;
				CLANG_WARN_UNREACHABLE_CODE = YES;
				CLANG_WARN__DUPLICATE_METHOD_MATCH = YES;
				COPY_PHASE_STRIP = NO;
				DEBUG_INFORMATION_FORMAT = dwarf;
				ENABLE_STRICT_OBJC_MSGSEND = YES;
				ENABLE_TESTABILITY = YES;
				GCC_C_LANGUAGE_STANDARD = gnu11;
				GCC_DYNAMIC_NO_PIC = NO;
				GCC_NO_COMMON_BLOCKS = YES;
				GCC_OPTIMIZATION_LEVEL = 0;
				GCC_PREPROCESSOR_DEFINITIONS = (
					"DEBUG=1",
					"$(inherited)",
				);
				GCC_WARN_64_TO_32_BIT_CONVERSION = YES;
				GCC_WARN_ABOUT_RETURN_TYPE = YES_ERROR;
				GCC_WARN_UNDECLARED_SELECTOR = YES;
				GCC_WARN_UNINITIALIZED_AUTOS = YES_AGGRESSIVE;
				GCC_WARN_UNUSED_FUNCTION = YES;
				GCC_WARN_UNUSED_VARIABLE = YES;
				IPHONEOS_DEPLOYMENT_TARGET = 15.0;
				MTL_ENABLE_DEBUG_INFO = INCLUDE_SOURCE;
				MTL_FAST_MATH = YES;
				ONLY_ACTIVE_ARCH = YES;
				SDKROOT = iphoneos;
				SWIFT_ACTIVE_COMPILATION_CONDITIONS = DEBUG;
				SWIFT_OPTIMIZATION_LEVEL = "-Onone";
			};
			name = Debug;
		};
		724BACF727F00731000830ED /* Release */ = {
			isa = XCBuildConfiguration;
			buildSettings = {
				ALWAYS_SEARCH_USER_PATHS = NO;
				CLANG_ANALYZER_NONNULL = YES;
				CLANG_ANALYZER_NUMBER_OBJECT_CONVERSION = YES_AGGRESSIVE;
				CLANG_CXX_LANGUAGE_STANDARD = "gnu++17";
				CLANG_CXX_LIBRARY = "libc++";
				CLANG_ENABLE_MODULES = YES;
				CLANG_ENABLE_OBJC_ARC = YES;
				CLANG_ENABLE_OBJC_WEAK = YES;
				CLANG_WARN_BLOCK_CAPTURE_AUTORELEASING = YES;
				CLANG_WARN_BOOL_CONVERSION = YES;
				CLANG_WARN_COMMA = YES;
				CLANG_WARN_CONSTANT_CONVERSION = YES;
				CLANG_WARN_DEPRECATED_OBJC_IMPLEMENTATIONS = YES;
				CLANG_WARN_DIRECT_OBJC_ISA_USAGE = YES_ERROR;
				CLANG_WARN_DOCUMENTATION_COMMENTS = YES;
				CLANG_WARN_EMPTY_BODY = YES;
				CLANG_WARN_ENUM_CONVERSION = YES;
				CLANG_WARN_INFINITE_RECURSION = YES;
				CLANG_WARN_INT_CONVERSION = YES;
				CLANG_WARN_NON_LITERAL_NULL_CONVERSION = YES;
				CLANG_WARN_OBJC_IMPLICIT_RETAIN_SELF = YES;
				CLANG_WARN_OBJC_LITERAL_CONVERSION = YES;
				CLANG_WARN_OBJC_ROOT_CLASS = YES_ERROR;
				CLANG_WARN_QUOTED_INCLUDE_IN_FRAMEWORK_HEADER = YES;
				CLANG_WARN_RANGE_LOOP_ANALYSIS = YES;
				CLANG_WARN_STRICT_PROTOTYPES = YES;
				CLANG_WARN_SUSPICIOUS_MOVE = YES;
				CLANG_WARN_UNGUARDED_AVAILABILITY = YES_AGGRESSIVE;
				CLANG_WARN_UNREACHABLE_CODE = YES;
				CLANG_WARN__DUPLICATE_METHOD_MATCH = YES;
				COPY_PHASE_STRIP = NO;
				DEBUG_INFORMATION_FORMAT = "dwarf-with-dsym";
				ENABLE_NS_ASSERTIONS = NO;
				ENABLE_STRICT_OBJC_MSGSEND = YES;
				GCC_C_LANGUAGE_STANDARD = gnu11;
				GCC_NO_COMMON_BLOCKS = YES;
				GCC_WARN_64_TO_32_BIT_CONVERSION = YES;
				GCC_WARN_ABOUT_RETURN_TYPE = YES_ERROR;
				GCC_WARN_UNDECLARED_SELECTOR = YES;
				GCC_WARN_UNINITIALIZED_AUTOS = YES_AGGRESSIVE;
				GCC_WARN_UNUSED_FUNCTION = YES;
				GCC_WARN_UNUSED_VARIABLE = YES;
				IPHONEOS_DEPLOYMENT_TARGET = 15.0;
				MTL_ENABLE_DEBUG_INFO = NO;
				MTL_FAST_MATH = YES;
				SDKROOT = iphoneos;
				SWIFT_COMPILATION_MODE = wholemodule;
				SWIFT_OPTIMIZATION_LEVEL = "-O";
				VALIDATE_PRODUCT = YES;
			};
			name = Release;
		};
		724BACF927F00731000830ED /* Debug */ = {
			isa = XCBuildConfiguration;
			buildSettings = {
				ASSETCATALOG_COMPILER_APPICON_NAME = AppIcon;
				ASSETCATALOG_COMPILER_GLOBAL_ACCENT_COLOR_NAME = AccentColor;
				CODE_SIGN_STYLE = Automatic;
				CURRENT_PROJECT_VERSION = 1;
				GENERATE_INFOPLIST_FILE = YES;
				INFOPLIST_FILE = News/Info.plist;
				INFOPLIST_KEY_UIApplicationSupportsIndirectInputEvents = YES;
				INFOPLIST_KEY_UILaunchStoryboardName = LaunchScreen;
				INFOPLIST_KEY_UIMainStoryboardFile = Main;
				INFOPLIST_KEY_UISupportedInterfaceOrientations_iPad = "UIInterfaceOrientationPortrait UIInterfaceOrientationPortraitUpsideDown UIInterfaceOrientationLandscapeLeft UIInterfaceOrientationLandscapeRight";
				INFOPLIST_KEY_UISupportedInterfaceOrientations_iPhone = "UIInterfaceOrientationPortrait UIInterfaceOrientationLandscapeLeft UIInterfaceOrientationLandscapeRight";
				LD_RUNPATH_SEARCH_PATHS = (
					"$(inherited)",
					"@executable_path/Frameworks",
				);
				MARKETING_VERSION = 1.0;
				PRODUCT_BUNDLE_IDENTIFIER = com.sn.News;
				PRODUCT_NAME = "$(TARGET_NAME)";
				SWIFT_EMIT_LOC_STRINGS = YES;
				SWIFT_VERSION = 5.0;
				TARGETED_DEVICE_FAMILY = "1,2";
			};
			name = Debug;
		};
		724BACFA27F00731000830ED /* Release */ = {
			isa = XCBuildConfiguration;
			buildSettings = {
				ASSETCATALOG_COMPILER_APPICON_NAME = AppIcon;
				ASSETCATALOG_COMPILER_GLOBAL_ACCENT_COLOR_NAME = AccentColor;
				CODE_SIGN_STYLE = Automatic;
				CURRENT_PROJECT_VERSION = 1;
				GENERATE_INFOPLIST_FILE = YES;
				INFOPLIST_FILE = News/Info.plist;
				INFOPLIST_KEY_UIApplicationSupportsIndirectInputEvents = YES;
				INFOPLIST_KEY_UILaunchStoryboardName = LaunchScreen;
				INFOPLIST_KEY_UIMainStoryboardFile = Main;
				INFOPLIST_KEY_UISupportedInterfaceOrientations_iPad = "UIInterfaceOrientationPortrait UIInterfaceOrientationPortraitUpsideDown UIInterfaceOrientationLandscapeLeft UIInterfaceOrientationLandscapeRight";
				INFOPLIST_KEY_UISupportedInterfaceOrientations_iPhone = "UIInterfaceOrientationPortrait UIInterfaceOrientationLandscapeLeft UIInterfaceOrientationLandscapeRight";
				LD_RUNPATH_SEARCH_PATHS = (
					"$(inherited)",
					"@executable_path/Frameworks",
				);
				MARKETING_VERSION = 1.0;
				PRODUCT_BUNDLE_IDENTIFIER = com.sn.News;
				PRODUCT_NAME = "$(TARGET_NAME)";
				SWIFT_EMIT_LOC_STRINGS = YES;
				SWIFT_VERSION = 5.0;
				TARGETED_DEVICE_FAMILY = "1,2";
			};
			name = Release;
		};
		724BACFC27F00731000830ED /* Debug */ = {
			isa = XCBuildConfiguration;
			buildSettings = {
				ALWAYS_EMBED_SWIFT_STANDARD_LIBRARIES = YES;
				BUNDLE_LOADER = "$(TEST_HOST)";
				CODE_SIGN_STYLE = Automatic;
				CURRENT_PROJECT_VERSION = 1;
				GENERATE_INFOPLIST_FILE = YES;
				IPHONEOS_DEPLOYMENT_TARGET = 15.0;
				LD_RUNPATH_SEARCH_PATHS = (
					"$(inherited)",
					"@executable_path/Frameworks",
					"@loader_path/Frameworks",
				);
				MARKETING_VERSION = 1.0;
				PRODUCT_BUNDLE_IDENTIFIER = com.sn.NewsTests;
				PRODUCT_NAME = "$(TARGET_NAME)";
				SWIFT_EMIT_LOC_STRINGS = NO;
				SWIFT_VERSION = 5.0;
				TARGETED_DEVICE_FAMILY = "1,2";
				TEST_HOST = "$(BUILT_PRODUCTS_DIR)/News.app/News";
			};
			name = Debug;
		};
		724BACFD27F00731000830ED /* Release */ = {
			isa = XCBuildConfiguration;
			buildSettings = {
				ALWAYS_EMBED_SWIFT_STANDARD_LIBRARIES = YES;
				BUNDLE_LOADER = "$(TEST_HOST)";
				CODE_SIGN_STYLE = Automatic;
				CURRENT_PROJECT_VERSION = 1;
				GENERATE_INFOPLIST_FILE = YES;
				IPHONEOS_DEPLOYMENT_TARGET = 15.0;
				LD_RUNPATH_SEARCH_PATHS = (
					"$(inherited)",
					"@executable_path/Frameworks",
					"@loader_path/Frameworks",
				);
				MARKETING_VERSION = 1.0;
				PRODUCT_BUNDLE_IDENTIFIER = com.sn.NewsTests;
				PRODUCT_NAME = "$(TARGET_NAME)";
				SWIFT_EMIT_LOC_STRINGS = NO;
				SWIFT_VERSION = 5.0;
				TARGETED_DEVICE_FAMILY = "1,2";
				TEST_HOST = "$(BUILT_PRODUCTS_DIR)/News.app/News";
			};
			name = Release;
		};
		724BACFF27F00731000830ED /* Debug */ = {
			isa = XCBuildConfiguration;
			buildSettings = {
				ALWAYS_EMBED_SWIFT_STANDARD_LIBRARIES = YES;
				CODE_SIGN_STYLE = Automatic;
				CURRENT_PROJECT_VERSION = 1;
				GENERATE_INFOPLIST_FILE = YES;
				LD_RUNPATH_SEARCH_PATHS = (
					"$(inherited)",
					"@executable_path/Frameworks",
					"@loader_path/Frameworks",
				);
				MARKETING_VERSION = 1.0;
				PRODUCT_BUNDLE_IDENTIFIER = com.sn.NewsUITests;
				PRODUCT_NAME = "$(TARGET_NAME)";
				SWIFT_EMIT_LOC_STRINGS = NO;
				SWIFT_VERSION = 5.0;
				TARGETED_DEVICE_FAMILY = "1,2";
				TEST_TARGET_NAME = News;
			};
			name = Debug;
		};
		724BAD0027F00731000830ED /* Release */ = {
			isa = XCBuildConfiguration;
			buildSettings = {
				ALWAYS_EMBED_SWIFT_STANDARD_LIBRARIES = YES;
				CODE_SIGN_STYLE = Automatic;
				CURRENT_PROJECT_VERSION = 1;
				GENERATE_INFOPLIST_FILE = YES;
				LD_RUNPATH_SEARCH_PATHS = (
					"$(inherited)",
					"@executable_path/Frameworks",
					"@loader_path/Frameworks",
				);
				MARKETING_VERSION = 1.0;
				PRODUCT_BUNDLE_IDENTIFIER = com.sn.NewsUITests;
				PRODUCT_NAME = "$(TARGET_NAME)";
				SWIFT_EMIT_LOC_STRINGS = NO;
				SWIFT_VERSION = 5.0;
				TARGETED_DEVICE_FAMILY = "1,2";
				TEST_TARGET_NAME = News;
			};
			name = Release;
		};
/* End XCBuildConfiguration section */

/* Begin XCConfigurationList section */
		724BACC627F0072F000830ED /* Build configuration list for PBXProject "News" */ = {
			isa = XCConfigurationList;
			buildConfigurations = (
				724BACF627F00731000830ED /* Debug */,
				724BACF727F00731000830ED /* Release */,
			);
			defaultConfigurationIsVisible = 0;
			defaultConfigurationName = Release;
		};
		724BACF827F00731000830ED /* Build configuration list for PBXNativeTarget "News" */ = {
			isa = XCConfigurationList;
			buildConfigurations = (
				724BACF927F00731000830ED /* Debug */,
				724BACFA27F00731000830ED /* Release */,
			);
			defaultConfigurationIsVisible = 0;
			defaultConfigurationName = Release;
		};
		724BACFB27F00731000830ED /* Build configuration list for PBXNativeTarget "NewsTests" */ = {
			isa = XCConfigurationList;
			buildConfigurations = (
				724BACFC27F00731000830ED /* Debug */,
				724BACFD27F00731000830ED /* Release */,
			);
			defaultConfigurationIsVisible = 0;
			defaultConfigurationName = Release;
		};
		724BACFE27F00731000830ED /* Build configuration list for PBXNativeTarget "NewsUITests" */ = {
			isa = XCConfigurationList;
			buildConfigurations = (
				724BACFF27F00731000830ED /* Debug */,
				724BAD0027F00731000830ED /* Release */,
			);
			defaultConfigurationIsVisible = 0;
			defaultConfigurationName = Release;
		};
/* End XCConfigurationList section */

/* Begin XCVersionGroup section */
		724BACD727F0072F000830ED /* News.xcdatamodeld */ = {
			isa = XCVersionGroup;
			children = (
				724BACD827F0072F000830ED /* News.xcdatamodel */,
			);
			currentVersion = 724BACD827F0072F000830ED /* News.xcdatamodel */;
			path = News.xcdatamodeld;
			sourceTree = "<group>";
			versionGroupType = wrapper.xcdatamodel;
		};
/* End XCVersionGroup section */
	};
	rootObject = 724BACC327F0072F000830ED /* Project object */;
}
